
Microsoft Visual Studio Solution File, Format Version 12.00
# Visual Studio Version 17
VisualStudioVersion = 17.4.33403.182
MinimumVisualStudioVersion = 10.0.40219.1
Project("{FAE04EC0-301F-11D3-BF4B-00C04F79EFBC}") = "OOP_Microservices", "OOP_Microservices\OOP_Microservices.csproj", "{DDE1B5A0-39C0-4C03-A0D5-744E89B24215}"
EndProject
Project("{FAE04EC0-301F-11D3-BF4B-00C04F79EFBC}") = "OOP_DatabaseMicroserice", "OOP_DatabaseMicroserice\OOP_DatabaseMicroserice.csproj", "{4C2DE321-828C-4B72-9926-AA6C81A02601}"
EndProject
Global
	GlobalSection(SolutionConfigurationPlatforms) = preSolution
		Debug|Any CPU = Debug|Any CPU
		Release|Any CPU = Release|Any CPU
	EndGlobalSection
	GlobalSection(ProjectConfigurationPlatforms) = postSolution
		{DDE1B5A0-39C0-4C03-A0D5-744E89B24215}.Debug|Any CPU.ActiveCfg = Debug|Any CPU
		{DDE1B5A0-39C0-4C03-A0D5-744E89B24215}.Debug|Any CPU.Build.0 = Debug|Any CPU
		{DDE1B5A0-39C0-4C03-A0D5-744E89B24215}.Release|Any CPU.ActiveCfg = Release|Any CPU
		{DDE1B5A0-39C0-4C03-A0D5-744E89B24215}.Release|Any CPU.Build.0 = Release|Any CPU
		{4C2DE321-828C-4B72-9926-AA6C81A02601}.Debug|Any CPU.ActiveCfg = Debug|Any CPU
		{4C2DE321-828C-4B72-9926-AA6C81A02601}.Debug|Any CPU.Build.0 = Debug|Any CPU
		{4C2DE321-828C-4B72-9926-AA6C81A02601}.Release|Any CPU.ActiveCfg = Release|Any CPU
		{4C2DE321-828C-4B72-9926-AA6C81A02601}.Release|Any CPU.Build.0 = Release|Any CPU
	EndGlobalSection
	GlobalSection(SolutionProperties) = preSolution
		HideSolutionNode = FALSE
	EndGlobalSection
	GlobalSection(ExtensibilityGlobals) = postSolution
		SolutionGuid = {5D7CA29C-8014-4199-9B46-3A7A55061612}
	EndGlobalSection
EndGlobal
